// !$*UTF8*$!
{
	archiveVersion = 1;
	classes = {
	};
	objectVersion = 46;
	objects = {

/* Begin PBXBuildFile section */
		FF0472081E81D56D0054FE13 /* Extensions.swift in Sources */ = {isa = PBXBuildFile; fileRef = FF0472071E81D56D0054FE13 /* Extensions.swift */; };
		FF1B1CC21E55AC8B00D0E50D /* GamePresenter.swift in Sources */ = {isa = PBXBuildFile; fileRef = FF1B1CC11E55AC8B00D0E50D /* GamePresenter.swift */; };
		FF289FF21EE8AF4100AD397C /* Localizable.strings in Resources */ = {isa = PBXBuildFile; fileRef = FF289FF41EE8AF4100AD397C /* Localizable.strings */; };
		FF2BA0BC1EE3F80500263D95 /* Cell+CoreDataClass.swift in Sources */ = {isa = PBXBuildFile; fileRef = FF2BA0BA1EE3F80500263D95 /* Cell+CoreDataClass.swift */; };
		FF2BA0BD1EE3F80500263D95 /* Cell+CoreDataProperties.swift in Sources */ = {isa = PBXBuildFile; fileRef = FF2BA0BB1EE3F80500263D95 /* Cell+CoreDataProperties.swift */; };
		FF2F7D7C1F93578C00C39520 /* EntityDescription.swift in Sources */ = {isa = PBXBuildFile; fileRef = FF2F7D7B1F93578C00C39520 /* EntityDescription.swift */; };
		FF32D4651EEA11D700A15F9E /* GameOverChecker.swift in Sources */ = {isa = PBXBuildFile; fileRef = FF32D4641EEA11D700A15F9E /* GameOverChecker.swift */; };
		FF32D4681EEA1BFA00A15F9E /* FieldCroosLineChecker.swift in Sources */ = {isa = PBXBuildFile; fileRef = FF32D4671EEA1BFA00A15F9E /* FieldCroosLineChecker.swift */; };
		FF32D46A1EEA220100A15F9E /* Constatns.swift in Sources */ = {isa = PBXBuildFile; fileRef = FF32D4691EEA220100A15F9E /* Constatns.swift */; };
		FF33CF811E8509E0007969C6 /* BundleResourceLoader.swift in Sources */ = {isa = PBXBuildFile; fileRef = FF33CF801E8509E0007969C6 /* BundleResourceLoader.swift */; };
		FF340C061E56432500EE82E1 /* GameAssambler.swift in Sources */ = {isa = PBXBuildFile; fileRef = FF340C051E56432500EE82E1 /* GameAssambler.swift */; };
		FF69313C250216EF00F3DF1B /* GameInteractorTests.swift in Sources */ = {isa = PBXBuildFile; fileRef = FF69313B250216EF00F3DF1B /* GameInteractorTests.swift */; };
		FF6931D625060FDC00F3DF1B /* GameScore.swift in Sources */ = {isa = PBXBuildFile; fileRef = FF6931D525060FDC00F3DF1B /* GameScore.swift */; };
		FF6931D825060FEA00F3DF1B /* StartGameConfig.swift in Sources */ = {isa = PBXBuildFile; fileRef = FF6931D725060FEA00F3DF1B /* StartGameConfig.swift */; };
		FF6DC9C0250178E1009833F3 /* GamePresenterTests.swift in Sources */ = {isa = PBXBuildFile; fileRef = FF6DC9BF250178E1009833F3 /* GamePresenterTests.swift */; };
		FF73EBEA1EE55A27003F069B /* GameDbStore.swift in Sources */ = {isa = PBXBuildFile; fileRef = FF73EBE91EE55A27003F069B /* GameDbStore.swift */; };
		FF73EBED1EE564E6003F069B /* Game+CoreDataClass.swift in Sources */ = {isa = PBXBuildFile; fileRef = FF73EBEB1EE564E6003F069B /* Game+CoreDataClass.swift */; };
		FF73EBEE1EE564E6003F069B /* Game+CoreDataProperties.swift in Sources */ = {isa = PBXBuildFile; fileRef = FF73EBEC1EE564E6003F069B /* Game+CoreDataProperties.swift */; };
		FF7401F6227833B900FEE070 /* Typealiases.swift in Sources */ = {isa = PBXBuildFile; fileRef = FF7401F5227833B900FEE070 /* Typealiases.swift */; };
		FF7401F8227838A500FEE070 /* GameFlowInput.swift in Sources */ = {isa = PBXBuildFile; fileRef = FF7401F7227838A500FEE070 /* GameFlowInput.swift */; };
		FF7401FA227838C000FEE070 /* GameFlowOutput.swift in Sources */ = {isa = PBXBuildFile; fileRef = FF7401F9227838C000FEE070 /* GameFlowOutput.swift */; };
		FF7401FC2278394000FEE070 /* GameViewOutput.swift in Sources */ = {isa = PBXBuildFile; fileRef = FF7401FB2278394000FEE070 /* GameViewOutput.swift */; };
		FF7401FE2278394D00FEE070 /* GameViewInput.swift in Sources */ = {isa = PBXBuildFile; fileRef = FF7401FD2278394D00FEE070 /* GameViewInput.swift */; };
		FF740200227839B300FEE070 /* GamePresenterInput.swift in Sources */ = {isa = PBXBuildFile; fileRef = FF7401FF227839B300FEE070 /* GamePresenterInput.swift */; };
		FF740202227839F200FEE070 /* GameInterractorInput.swift in Sources */ = {isa = PBXBuildFile; fileRef = FF740201227839F200FEE070 /* GameInterractorInput.swift */; };
		FF74020422783A0800FEE070 /* GameInterractorOutput.swift in Sources */ = {isa = PBXBuildFile; fileRef = FF74020322783A0800FEE070 /* GameInterractorOutput.swift */; };
		FF76B0BB1E847EC0001969FA /* TetramonioGeneratorTests.swift in Sources */ = {isa = PBXBuildFile; fileRef = FF76B0BA1E847EC0001969FA /* TetramonioGeneratorTests.swift */; };
		FF76B0BD1E847F52001969FA /* TetramonioLoaderTests.swift in Sources */ = {isa = PBXBuildFile; fileRef = FF76B0BC1E847F52001969FA /* TetramonioLoaderTests.swift */; };
		FF76B0BF1E847FA4001969FA /* GameLogicTests.swift in Sources */ = {isa = PBXBuildFile; fileRef = FF76B0BE1E847FA4001969FA /* GameLogicTests.swift */; };
		FF82110E2500224300D0C3CB /* Array+Additions.swift in Sources */ = {isa = PBXBuildFile; fileRef = FF82110D2500224300D0C3CB /* Array+Additions.swift */; };
		FF82111225002ECD00D0C3CB /* Array+Teramonio.swift in Sources */ = {isa = PBXBuildFile; fileRef = FF82111125002ECD00D0C3CB /* Array+Teramonio.swift */; };
		FF858C5D1EBA6C33003EFEA3 /* CoreDataManager.swift in Sources */ = {isa = PBXBuildFile; fileRef = FF858C5C1EBA6C33003EFEA3 /* CoreDataManager.swift */; };
		FF8A40F91F6E9BA000EB243E /* TetramonioView.swift in Sources */ = {isa = PBXBuildFile; fileRef = FF8A40F81F6E9BA000EB243E /* TetramonioView.swift */; };
		FF8A40FE1F6EA4F900EB243E /* FieldCollectionViewCell.xib in Resources */ = {isa = PBXBuildFile; fileRef = FF8A40FC1F6EA4F900EB243E /* FieldCollectionViewCell.xib */; };
		FF8EC61C1E85B0CA0064FFCB /* BundleResourceLoaderTests.swift in Sources */ = {isa = PBXBuildFile; fileRef = FF8EC61B1E85B0CA0064FFCB /* BundleResourceLoaderTests.swift */; };
		FF9043FE24FF6D270090C4D2 /* ResourceLoadable.swift in Sources */ = {isa = PBXBuildFile; fileRef = FF9043FD24FF6D270090C4D2 /* ResourceLoadable.swift */; };
		FF90440824FF77B20090C4D2 /* ResourceLoadingError.swift in Sources */ = {isa = PBXBuildFile; fileRef = FF90440724FF77B20090C4D2 /* ResourceLoadingError.swift */; };
		FF90440A24FF7AE40090C4D2 /* Tetramonios.plist in Resources */ = {isa = PBXBuildFile; fileRef = FF90440924FF7AE40090C4D2 /* Tetramonios.plist */; };
		FF9748BA1EE8AA1E00213F10 /* LocalizationManager.swift in Sources */ = {isa = PBXBuildFile; fileRef = FF9748B91EE8AA1E00213F10 /* LocalizationManager.swift */; };
		FF9B68651E4D1797006376CA /* GameViewController.swift in Sources */ = {isa = PBXBuildFile; fileRef = FF9B68641E4D1797006376CA /* GameViewController.swift */; };
		FF9B68671E4D17E7006376CA /* GameInteractor.swift in Sources */ = {isa = PBXBuildFile; fileRef = FF9B68661E4D17E7006376CA /* GameInteractor.swift */; };
		FF9DE8431EAD5A0400F4128A /* TetramonioMatcher.swift in Sources */ = {isa = PBXBuildFile; fileRef = FF9DE8421EAD5A0400F4128A /* TetramonioMatcher.swift */; };
		FFA0655F1EC3ABB400B8907D /* CoredDataManagerTest.swift in Sources */ = {isa = PBXBuildFile; fileRef = FFA0655E1EC3ABB400B8907D /* CoredDataManagerTest.swift */; };
		FFA44A2F1E452D20000B4829 /* TetramonioLoader.swift in Sources */ = {isa = PBXBuildFile; fileRef = FFA44A2E1E452D20000B4829 /* TetramonioLoader.swift */; };
		FFA8F9A11FF827530071276A /* Tetramonios.plist in Resources */ = {isa = PBXBuildFile; fileRef = FFA8F9A01FF827520071276A /* Tetramonios.plist */; };
		FFB82A8A1E7D2F2A0043BD53 /* Blocks.xcdatamodeld in Sources */ = {isa = PBXBuildFile; fileRef = FFB82A881E7D2F2A0043BD53 /* Blocks.xcdatamodeld */; };
		FFC4CDBB22A305FA0025A187 /* DraggedTetramonioChecker.swift in Sources */ = {isa = PBXBuildFile; fileRef = FFC4CDBA22A305FA0025A187 /* DraggedTetramonioChecker.swift */; };
		FFC8BC8424FEDD95000BB9D1 /* UICollectionViewCell+Resuable.swift in Sources */ = {isa = PBXBuildFile; fileRef = FFC8BC8324FEDD95000BB9D1 /* UICollectionViewCell+Resuable.swift */; };
		FFE6D62D1E59A47A0060C1C8 /* FieldCollectionViewCell.swift in Sources */ = {isa = PBXBuildFile; fileRef = FFE6D62C1E59A47A0060C1C8 /* FieldCollectionViewCell.swift */; };
		FFFBBFBB1E4521700052D68B /* AppDelegate.swift in Sources */ = {isa = PBXBuildFile; fileRef = FFFBBFBA1E4521700052D68B /* AppDelegate.swift */; };
		FFFBBFC01E4521700052D68B /* Main.storyboard in Resources */ = {isa = PBXBuildFile; fileRef = FFFBBFBE1E4521700052D68B /* Main.storyboard */; };
		FFFBBFC21E4521700052D68B /* Assets.xcassets in Resources */ = {isa = PBXBuildFile; fileRef = FFFBBFC11E4521700052D68B /* Assets.xcassets */; };
		FFFBBFE21E4523A10052D68B /* Tetramonio.swift in Sources */ = {isa = PBXBuildFile; fileRef = FFFBBFE11E4523A10052D68B /* Tetramonio.swift */; };
		FFFBBFEA1E4525050052D68B /* TetramonioGenerator.swift in Sources */ = {isa = PBXBuildFile; fileRef = FFFBBFE91E4525050052D68B /* TetramonioGenerator.swift */; };
		FFFBBFF01E4526C50052D68B /* GameFlow.swift in Sources */ = {isa = PBXBuildFile; fileRef = FFFBBFEF1E4526C50052D68B /* GameFlow.swift */; };
		FFFBBFF51E4527DB0052D68B /* FieldCell.swift in Sources */ = {isa = PBXBuildFile; fileRef = FFFBBFF41E4527DB0052D68B /* FieldCell.swift */; };
/* End PBXBuildFile section */

/* Begin PBXContainerItemProxy section */
		FF9B685F1E4D1678006376CA /* PBXContainerItemProxy */ = {
			isa = PBXContainerItemProxy;
			containerPortal = FFFBBFAF1E4521700052D68B /* Project object */;
			proxyType = 1;
			remoteGlobalIDString = FFFBBFB61E4521700052D68B;
			remoteInfo = Blocks;
		};
/* End PBXContainerItemProxy section */

/* Begin PBXFileReference section */
		FF0472071E81D56D0054FE13 /* Extensions.swift */ = {isa = PBXFileReference; fileEncoding = 4; lastKnownFileType = sourcecode.swift; path = Extensions.swift; sourceTree = "<group>"; };
		FF1B1CC11E55AC8B00D0E50D /* GamePresenter.swift */ = {isa = PBXFileReference; fileEncoding = 4; lastKnownFileType = sourcecode.swift; path = GamePresenter.swift; sourceTree = "<group>"; };
		FF289FF31EE8AF4100AD397C /* Base */ = {isa = PBXFileReference; lastKnownFileType = text.plist.strings; name = Base; path = Base.lproj/Localizable.strings; sourceTree = "<group>"; };
		FF289FF51EE8AF4500AD397C /* en */ = {isa = PBXFileReference; lastKnownFileType = text.plist.strings; name = en; path = en.lproj/Localizable.strings; sourceTree = "<group>"; };
		FF2BA0BA1EE3F80500263D95 /* Cell+CoreDataClass.swift */ = {isa = PBXFileReference; fileEncoding = 4; lastKnownFileType = sourcecode.swift; path = "Cell+CoreDataClass.swift"; sourceTree = "<group>"; };
		FF2BA0BB1EE3F80500263D95 /* Cell+CoreDataProperties.swift */ = {isa = PBXFileReference; fileEncoding = 4; lastKnownFileType = sourcecode.swift; path = "Cell+CoreDataProperties.swift"; sourceTree = "<group>"; };
		FF2F7D7B1F93578C00C39520 /* EntityDescription.swift */ = {isa = PBXFileReference; fileEncoding = 4; lastKnownFileType = sourcecode.swift; path = EntityDescription.swift; sourceTree = "<group>"; };
		FF32D4641EEA11D700A15F9E /* GameOverChecker.swift */ = {isa = PBXFileReference; fileEncoding = 4; lastKnownFileType = sourcecode.swift; path = GameOverChecker.swift; sourceTree = "<group>"; };
		FF32D4671EEA1BFA00A15F9E /* FieldCroosLineChecker.swift */ = {isa = PBXFileReference; fileEncoding = 4; lastKnownFileType = sourcecode.swift; path = FieldCroosLineChecker.swift; sourceTree = "<group>"; };
		FF32D4691EEA220100A15F9E /* Constatns.swift */ = {isa = PBXFileReference; fileEncoding = 4; lastKnownFileType = sourcecode.swift; path = Constatns.swift; sourceTree = "<group>"; };
		FF33CF801E8509E0007969C6 /* BundleResourceLoader.swift */ = {isa = PBXFileReference; fileEncoding = 4; lastKnownFileType = sourcecode.swift; path = BundleResourceLoader.swift; sourceTree = "<group>"; };
		FF340C051E56432500EE82E1 /* GameAssambler.swift */ = {isa = PBXFileReference; fileEncoding = 4; lastKnownFileType = sourcecode.swift; path = GameAssambler.swift; sourceTree = "<group>"; };
		FF5412D822A6478E0099E360 /* Blocks.entitlements */ = {isa = PBXFileReference; lastKnownFileType = text.plist.entitlements; path = Blocks.entitlements; sourceTree = "<group>"; };
		FF69313B250216EF00F3DF1B /* GameInteractorTests.swift */ = {isa = PBXFileReference; lastKnownFileType = sourcecode.swift; path = GameInteractorTests.swift; sourceTree = "<group>"; };
		FF6931D525060FDC00F3DF1B /* GameScore.swift */ = {isa = PBXFileReference; lastKnownFileType = sourcecode.swift; path = GameScore.swift; sourceTree = "<group>"; };
		FF6931D725060FEA00F3DF1B /* StartGameConfig.swift */ = {isa = PBXFileReference; lastKnownFileType = sourcecode.swift; path = StartGameConfig.swift; sourceTree = "<group>"; };
		FF6DC9BF250178E1009833F3 /* GamePresenterTests.swift */ = {isa = PBXFileReference; lastKnownFileType = sourcecode.swift; path = GamePresenterTests.swift; sourceTree = "<group>"; };
		FF73EBE91EE55A27003F069B /* GameDbStore.swift */ = {isa = PBXFileReference; fileEncoding = 4; lastKnownFileType = sourcecode.swift; path = GameDbStore.swift; sourceTree = "<group>"; };
		FF73EBEB1EE564E6003F069B /* Game+CoreDataClass.swift */ = {isa = PBXFileReference; fileEncoding = 4; lastKnownFileType = sourcecode.swift; path = "Game+CoreDataClass.swift"; sourceTree = "<group>"; };
		FF73EBEC1EE564E6003F069B /* Game+CoreDataProperties.swift */ = {isa = PBXFileReference; fileEncoding = 4; lastKnownFileType = sourcecode.swift; path = "Game+CoreDataProperties.swift"; sourceTree = "<group>"; };
		FF7401F5227833B900FEE070 /* Typealiases.swift */ = {isa = PBXFileReference; lastKnownFileType = sourcecode.swift; path = Typealiases.swift; sourceTree = "<group>"; };
		FF7401F7227838A500FEE070 /* GameFlowInput.swift */ = {isa = PBXFileReference; lastKnownFileType = sourcecode.swift; path = GameFlowInput.swift; sourceTree = "<group>"; };
		FF7401F9227838C000FEE070 /* GameFlowOutput.swift */ = {isa = PBXFileReference; lastKnownFileType = sourcecode.swift; path = GameFlowOutput.swift; sourceTree = "<group>"; };
		FF7401FB2278394000FEE070 /* GameViewOutput.swift */ = {isa = PBXFileReference; lastKnownFileType = sourcecode.swift; path = GameViewOutput.swift; sourceTree = "<group>"; };
		FF7401FD2278394D00FEE070 /* GameViewInput.swift */ = {isa = PBXFileReference; lastKnownFileType = sourcecode.swift; path = GameViewInput.swift; sourceTree = "<group>"; };
		FF7401FF227839B300FEE070 /* GamePresenterInput.swift */ = {isa = PBXFileReference; lastKnownFileType = sourcecode.swift; path = GamePresenterInput.swift; sourceTree = "<group>"; };
		FF740201227839F200FEE070 /* GameInterractorInput.swift */ = {isa = PBXFileReference; lastKnownFileType = sourcecode.swift; path = GameInterractorInput.swift; sourceTree = "<group>"; };
		FF74020322783A0800FEE070 /* GameInterractorOutput.swift */ = {isa = PBXFileReference; lastKnownFileType = sourcecode.swift; path = GameInterractorOutput.swift; sourceTree = "<group>"; };
		FF76B0BA1E847EC0001969FA /* TetramonioGeneratorTests.swift */ = {isa = PBXFileReference; fileEncoding = 4; lastKnownFileType = sourcecode.swift; path = TetramonioGeneratorTests.swift; sourceTree = "<group>"; };
		FF76B0BC1E847F52001969FA /* TetramonioLoaderTests.swift */ = {isa = PBXFileReference; fileEncoding = 4; lastKnownFileType = sourcecode.swift; path = TetramonioLoaderTests.swift; sourceTree = "<group>"; };
		FF76B0BE1E847FA4001969FA /* GameLogicTests.swift */ = {isa = PBXFileReference; fileEncoding = 4; lastKnownFileType = sourcecode.swift; path = GameLogicTests.swift; sourceTree = "<group>"; };
		FF82110D2500224300D0C3CB /* Array+Additions.swift */ = {isa = PBXFileReference; lastKnownFileType = sourcecode.swift; path = "Array+Additions.swift"; sourceTree = "<group>"; };
		FF82111125002ECD00D0C3CB /* Array+Teramonio.swift */ = {isa = PBXFileReference; lastKnownFileType = sourcecode.swift; path = "Array+Teramonio.swift"; sourceTree = "<group>"; };
		FF858C5C1EBA6C33003EFEA3 /* CoreDataManager.swift */ = {isa = PBXFileReference; fileEncoding = 4; lastKnownFileType = sourcecode.swift; path = CoreDataManager.swift; sourceTree = "<group>"; };
		FF8A40F81F6E9BA000EB243E /* TetramonioView.swift */ = {isa = PBXFileReference; fileEncoding = 4; lastKnownFileType = sourcecode.swift; path = TetramonioView.swift; sourceTree = "<group>"; };
		FF8A40FC1F6EA4F900EB243E /* FieldCollectionViewCell.xib */ = {isa = PBXFileReference; fileEncoding = 4; lastKnownFileType = file.xib; path = FieldCollectionViewCell.xib; sourceTree = "<group>"; };
		FF8EC61B1E85B0CA0064FFCB /* BundleResourceLoaderTests.swift */ = {isa = PBXFileReference; fileEncoding = 4; lastKnownFileType = sourcecode.swift; path = BundleResourceLoaderTests.swift; sourceTree = "<group>"; };
		FF9043FD24FF6D270090C4D2 /* ResourceLoadable.swift */ = {isa = PBXFileReference; lastKnownFileType = sourcecode.swift; path = ResourceLoadable.swift; sourceTree = "<group>"; };
		FF90440724FF77B20090C4D2 /* ResourceLoadingError.swift */ = {isa = PBXFileReference; fileEncoding = 4; lastKnownFileType = sourcecode.swift; path = ResourceLoadingError.swift; sourceTree = "<group>"; };
		FF90440924FF7AE40090C4D2 /* Tetramonios.plist */ = {isa = PBXFileReference; fileEncoding = 4; lastKnownFileType = text.plist.xml; path = Tetramonios.plist; sourceTree = "<group>"; };
		FF9748B91EE8AA1E00213F10 /* LocalizationManager.swift */ = {isa = PBXFileReference; fileEncoding = 4; lastKnownFileType = sourcecode.swift; path = LocalizationManager.swift; sourceTree = "<group>"; };
		FF9B685A1E4D1678006376CA /* BlocksTests.xctest */ = {isa = PBXFileReference; explicitFileType = wrapper.cfbundle; includeInIndex = 0; path = BlocksTests.xctest; sourceTree = BUILT_PRODUCTS_DIR; };
		FF9B685E1E4D1678006376CA /* Info.plist */ = {isa = PBXFileReference; lastKnownFileType = text.plist.xml; path = Info.plist; sourceTree = "<group>"; };
		FF9B68641E4D1797006376CA /* GameViewController.swift */ = {isa = PBXFileReference; fileEncoding = 4; lastKnownFileType = sourcecode.swift; path = GameViewController.swift; sourceTree = "<group>"; };
		FF9B68661E4D17E7006376CA /* GameInteractor.swift */ = {isa = PBXFileReference; fileEncoding = 4; lastKnownFileType = sourcecode.swift; path = GameInteractor.swift; sourceTree = "<group>"; };
		FF9DE8421EAD5A0400F4128A /* TetramonioMatcher.swift */ = {isa = PBXFileReference; fileEncoding = 4; lastKnownFileType = sourcecode.swift; path = TetramonioMatcher.swift; sourceTree = "<group>"; };
		FFA0655E1EC3ABB400B8907D /* CoredDataManagerTest.swift */ = {isa = PBXFileReference; fileEncoding = 4; lastKnownFileType = sourcecode.swift; path = CoredDataManagerTest.swift; sourceTree = "<group>"; };
		FFA44A2E1E452D20000B4829 /* TetramonioLoader.swift */ = {isa = PBXFileReference; fileEncoding = 4; lastKnownFileType = sourcecode.swift; path = TetramonioLoader.swift; sourceTree = "<group>"; };
		FFA8F9A01FF827520071276A /* Tetramonios.plist */ = {isa = PBXFileReference; fileEncoding = 4; lastKnownFileType = text.plist.xml; path = Tetramonios.plist; sourceTree = "<group>"; };
		FFB82A891E7D2F2A0043BD53 /* Blocks.xcdatamodel */ = {isa = PBXFileReference; lastKnownFileType = wrapper.xcdatamodel; path = Blocks.xcdatamodel; sourceTree = "<group>"; };
		FFC4CDBA22A305FA0025A187 /* DraggedTetramonioChecker.swift */ = {isa = PBXFileReference; lastKnownFileType = sourcecode.swift; path = DraggedTetramonioChecker.swift; sourceTree = "<group>"; };
		FFC8BC8324FEDD95000BB9D1 /* UICollectionViewCell+Resuable.swift */ = {isa = PBXFileReference; lastKnownFileType = sourcecode.swift; path = "UICollectionViewCell+Resuable.swift"; sourceTree = "<group>"; };
		FFE6D62C1E59A47A0060C1C8 /* FieldCollectionViewCell.swift */ = {isa = PBXFileReference; fileEncoding = 4; lastKnownFileType = sourcecode.swift; path = FieldCollectionViewCell.swift; sourceTree = "<group>"; };
		FFFBBFB71E4521700052D68B /* Blocks.app */ = {isa = PBXFileReference; explicitFileType = wrapper.application; includeInIndex = 0; path = Blocks.app; sourceTree = BUILT_PRODUCTS_DIR; };
		FFFBBFBA1E4521700052D68B /* AppDelegate.swift */ = {isa = PBXFileReference; lastKnownFileType = sourcecode.swift; path = AppDelegate.swift; sourceTree = "<group>"; };
		FFFBBFBF1E4521700052D68B /* Base */ = {isa = PBXFileReference; lastKnownFileType = file.storyboard; name = Base; path = Base.lproj/Main.storyboard; sourceTree = "<group>"; };
		FFFBBFC11E4521700052D68B /* Assets.xcassets */ = {isa = PBXFileReference; lastKnownFileType = folder.assetcatalog; path = Assets.xcassets; sourceTree = "<group>"; };
		FFFBBFC61E4521700052D68B /* Info.plist */ = {isa = PBXFileReference; lastKnownFileType = text.plist.xml; path = Info.plist; sourceTree = "<group>"; };
		FFFBBFE11E4523A10052D68B /* Tetramonio.swift */ = {isa = PBXFileReference; fileEncoding = 4; lastKnownFileType = sourcecode.swift; path = Tetramonio.swift; sourceTree = "<group>"; };
		FFFBBFE91E4525050052D68B /* TetramonioGenerator.swift */ = {isa = PBXFileReference; fileEncoding = 4; lastKnownFileType = sourcecode.swift; path = TetramonioGenerator.swift; sourceTree = "<group>"; };
		FFFBBFEF1E4526C50052D68B /* GameFlow.swift */ = {isa = PBXFileReference; fileEncoding = 4; lastKnownFileType = sourcecode.swift; path = GameFlow.swift; sourceTree = "<group>"; };
		FFFBBFF41E4527DB0052D68B /* FieldCell.swift */ = {isa = PBXFileReference; fileEncoding = 4; lastKnownFileType = sourcecode.swift; path = FieldCell.swift; sourceTree = "<group>"; };
/* End PBXFileReference section */

/* Begin PBXFrameworksBuildPhase section */
		FF9B68571E4D1678006376CA /* Frameworks */ = {
			isa = PBXFrameworksBuildPhase;
			buildActionMask = 2147483647;
			files = (
			);
			runOnlyForDeploymentPostprocessing = 0;
		};
		FFFBBFB41E4521700052D68B /* Frameworks */ = {
			isa = PBXFrameworksBuildPhase;
			buildActionMask = 2147483647;
			files = (
			);
			runOnlyForDeploymentPostprocessing = 0;
		};
/* End PBXFrameworksBuildPhase section */

/* Begin PBXGroup section */
		FF0472091E81D5770054FE13 /* Extensions */ = {
			isa = PBXGroup;
			children = (
				FF0472071E81D56D0054FE13 /* Extensions.swift */,
				FFC8BC8324FEDD95000BB9D1 /* UICollectionViewCell+Resuable.swift */,
				FF82110D2500224300D0C3CB /* Array+Additions.swift */,
				FF82111125002ECD00D0C3CB /* Array+Teramonio.swift */,
			);
			name = Extensions;
			sourceTree = "<group>";
		};
		FF32D4661EEA19EB00A15F9E /* Checkers */ = {
			isa = PBXGroup;
			children = (
				FF32D4641EEA11D700A15F9E /* GameOverChecker.swift */,
				FFC4CDBA22A305FA0025A187 /* DraggedTetramonioChecker.swift */,
				FF9DE8421EAD5A0400F4128A /* TetramonioMatcher.swift */,
				FF32D4671EEA1BFA00A15F9E /* FieldCroosLineChecker.swift */,
			);
			name = Checkers;
			sourceTree = "<group>";
		};
		FF8407C41ED6ADE7004E5068 /* CoreData */ = {
			isa = PBXGroup;
			children = (
				FF73EBEB1EE564E6003F069B /* Game+CoreDataClass.swift */,
				FF73EBEC1EE564E6003F069B /* Game+CoreDataProperties.swift */,
				FF2BA0BA1EE3F80500263D95 /* Cell+CoreDataClass.swift */,
				FF2BA0BB1EE3F80500263D95 /* Cell+CoreDataProperties.swift */,
				FFB82A881E7D2F2A0043BD53 /* Blocks.xcdatamodeld */,
			);
			name = CoreData;
			sourceTree = "<group>";
		};
		FF858C5B1EBA6C1C003EFEA3 /* Storage */ = {
			isa = PBXGroup;
			children = (
				FF858C5C1EBA6C33003EFEA3 /* CoreDataManager.swift */,
				FF73EBE91EE55A27003F069B /* GameDbStore.swift */,
			);
			name = Storage;
			sourceTree = "<group>";
		};
		FF8A40F71F6E9B5100EB243E /* Views */ = {
			isa = PBXGroup;
			children = (
				FF8A40F81F6E9BA000EB243E /* TetramonioView.swift */,
			);
			name = Views;
			sourceTree = "<group>";
		};
		FF8A40FA1F6EA4CE00EB243E /* Xibs */ = {
			isa = PBXGroup;
			children = (
				FF8A40FC1F6EA4F900EB243E /* FieldCollectionViewCell.xib */,
			);
			name = Xibs;
			sourceTree = "<group>";
		};
		FF9748B81EE8A9FA00213F10 /* Loalization */ = {
			isa = PBXGroup;
			children = (
				FF9748B91EE8AA1E00213F10 /* LocalizationManager.swift */,
			);
			name = Loalization;
			sourceTree = "<group>";
		};
		FF9748BB1EE8ADB300213F10 /* Localization */ = {
			isa = PBXGroup;
			children = (
				FF289FF41EE8AF4100AD397C /* Localizable.strings */,
			);
			name = Localization;
			sourceTree = "<group>";
		};
		FF9B685B1E4D1678006376CA /* BlocksTests */ = {
			isa = PBXGroup;
			children = (
				FF90440924FF7AE40090C4D2 /* Tetramonios.plist */,
				FF76B0BE1E847FA4001969FA /* GameLogicTests.swift */,
				FFA0655E1EC3ABB400B8907D /* CoredDataManagerTest.swift */,
				FF6DC9BF250178E1009833F3 /* GamePresenterTests.swift */,
				FF69313B250216EF00F3DF1B /* GameInteractorTests.swift */,
				FF76B0BA1E847EC0001969FA /* TetramonioGeneratorTests.swift */,
				FF76B0BC1E847F52001969FA /* TetramonioLoaderTests.swift */,
				FF8EC61B1E85B0CA0064FFCB /* BundleResourceLoaderTests.swift */,
				FF9B685E1E4D1678006376CA /* Info.plist */,
			);
			path = BlocksTests;
			sourceTree = "<group>";
		};
		FFA44A2D1E452C4F000B4829 /* ResourceLoader */ = {
			isa = PBXGroup;
			children = (
				FF90440724FF77B20090C4D2 /* ResourceLoadingError.swift */,
				FF33CF801E8509E0007969C6 /* BundleResourceLoader.swift */,
				FF9043FD24FF6D270090C4D2 /* ResourceLoadable.swift */,
				FFA44A2E1E452D20000B4829 /* TetramonioLoader.swift */,
			);
			name = ResourceLoader;
			sourceTree = "<group>";
		};
		FFA44A301E452E11000B4829 /* Resources */ = {
			isa = PBXGroup;
			children = (
				FF9748BB1EE8ADB300213F10 /* Localization */,
				FFA44A321E452E5F000B4829 /* SupportingFiles */,
				FFA44A311E452E54000B4829 /* Images */,
			);
			name = Resources;
			sourceTree = "<group>";
		};
		FFA44A311E452E54000B4829 /* Images */ = {
			isa = PBXGroup;
			children = (
				FFFBBFC11E4521700052D68B /* Assets.xcassets */,
			);
			name = Images;
			sourceTree = "<group>";
		};
		FFA44A321E452E5F000B4829 /* SupportingFiles */ = {
			isa = PBXGroup;
			children = (
				FFA8F9A01FF827520071276A /* Tetramonios.plist */,
				FFFBBFC61E4521700052D68B /* Info.plist */,
			);
			name = SupportingFiles;
			sourceTree = "<group>";
		};
		FFFBBFAE1E4521700052D68B = {
			isa = PBXGroup;
			children = (
				FFFBBFB91E4521700052D68B /* Blocks */,
				FF9B685B1E4D1678006376CA /* BlocksTests */,
				FFFBBFB81E4521700052D68B /* Products */,
			);
			sourceTree = "<group>";
		};
		FFFBBFB81E4521700052D68B /* Products */ = {
			isa = PBXGroup;
			children = (
				FFFBBFB71E4521700052D68B /* Blocks.app */,
				FF9B685A1E4D1678006376CA /* BlocksTests.xctest */,
			);
			name = Products;
			sourceTree = "<group>";
		};
		FFFBBFB91E4521700052D68B /* Blocks */ = {
			isa = PBXGroup;
			children = (
				FF5412D822A6478E0099E360 /* Blocks.entitlements */,
				FFFBBFCC1E4521840052D68B /* Classes */,
				FFA44A301E452E11000B4829 /* Resources */,
				FFFBBFBE1E4521700052D68B /* Main.storyboard */,
			);
			path = Blocks;
			sourceTree = "<group>";
		};
		FFFBBFCC1E4521840052D68B /* Classes */ = {
			isa = PBXGroup;
			children = (
				FFFBBFCE1E4521AA0052D68B /* Modules */,
				FFFBBFCD1E45218D0052D68B /* Common */,
			);
			name = Classes;
			sourceTree = "<group>";
		};
		FFFBBFCD1E45218D0052D68B /* Common */ = {
			isa = PBXGroup;
			children = (
				FF8A40FA1F6EA4CE00EB243E /* Xibs */,
				FF8A40F71F6E9B5100EB243E /* Views */,
				FF0472091E81D5770054FE13 /* Extensions */,
				FFFBBFBA1E4521700052D68B /* AppDelegate.swift */,
				FFFBBFE31E45241D0052D68B /* Models */,
				FF8407C41ED6ADE7004E5068 /* CoreData */,
				FFFBBFDC1E4522FC0052D68B /* Managers */,
				FF32D4691EEA220100A15F9E /* Constatns.swift */,
				FF7401F5227833B900FEE070 /* Typealiases.swift */,
				FF2F7D7B1F93578C00C39520 /* EntityDescription.swift */,
			);
			name = Common;
			sourceTree = "<group>";
		};
		FFFBBFCE1E4521AA0052D68B /* Modules */ = {
			isa = PBXGroup;
			children = (
				FFFBBFD01E4521DA0052D68B /* GameLogic */,
			);
			name = Modules;
			sourceTree = "<group>";
		};
		FFFBBFD01E4521DA0052D68B /* GameLogic */ = {
			isa = PBXGroup;
			children = (
				FFFBBFD11E4522000052D68B /* View */,
				FFFBBFD51E4522390052D68B /* Assambler */,
				FFFBBFD31E4522100052D68B /* Presenter */,
				FFFBBFD21E4522060052D68B /* Interractor */,
			);
			name = GameLogic;
			sourceTree = "<group>";
		};
		FFFBBFD11E4522000052D68B /* View */ = {
			isa = PBXGroup;
			children = (
				FFE6D62C1E59A47A0060C1C8 /* FieldCollectionViewCell.swift */,
				FF9B68641E4D1797006376CA /* GameViewController.swift */,
				FF7401FD2278394D00FEE070 /* GameViewInput.swift */,
				FF7401FB2278394000FEE070 /* GameViewOutput.swift */,
			);
			name = View;
			sourceTree = "<group>";
		};
		FFFBBFD21E4522060052D68B /* Interractor */ = {
			isa = PBXGroup;
			children = (
				FF9B68661E4D17E7006376CA /* GameInteractor.swift */,
				FF740201227839F200FEE070 /* GameInterractorInput.swift */,
				FF74020322783A0800FEE070 /* GameInterractorOutput.swift */,
			);
			name = Interractor;
			sourceTree = "<group>";
		};
		FFFBBFD31E4522100052D68B /* Presenter */ = {
			isa = PBXGroup;
			children = (
				FF1B1CC11E55AC8B00D0E50D /* GamePresenter.swift */,
				FF7401FF227839B300FEE070 /* GamePresenterInput.swift */,
			);
			name = Presenter;
			sourceTree = "<group>";
		};
		FFFBBFD51E4522390052D68B /* Assambler */ = {
			isa = PBXGroup;
			children = (
				FF340C051E56432500EE82E1 /* GameAssambler.swift */,
			);
			name = Assambler;
			sourceTree = "<group>";
		};
		FFFBBFDC1E4522FC0052D68B /* Managers */ = {
			isa = PBXGroup;
			children = (
				FF32D4661EEA19EB00A15F9E /* Checkers */,
				FF9748B81EE8A9FA00213F10 /* Loalization */,
				FF858C5B1EBA6C1C003EFEA3 /* Storage */,
				FFA44A2D1E452C4F000B4829 /* ResourceLoader */,
				FFFBBFEE1E4526AF0052D68B /* GameLogic */,
				FFFBBFED1E4526A20052D68B /* TetramonioHelper */,
			);
			name = Managers;
			sourceTree = "<group>";
		};
		FFFBBFE31E45241D0052D68B /* Models */ = {
			isa = PBXGroup;
			children = (
				FFFBBFF41E4527DB0052D68B /* FieldCell.swift */,
				FFFBBFE11E4523A10052D68B /* Tetramonio.swift */,
				FF6931D525060FDC00F3DF1B /* GameScore.swift */,
				FF6931D725060FEA00F3DF1B /* StartGameConfig.swift */,
			);
			name = Models;
			sourceTree = "<group>";
		};
		FFFBBFED1E4526A20052D68B /* TetramonioHelper */ = {
			isa = PBXGroup;
			children = (
				FFFBBFE91E4525050052D68B /* TetramonioGenerator.swift */,
			);
			name = TetramonioHelper;
			sourceTree = "<group>";
		};
		FFFBBFEE1E4526AF0052D68B /* GameLogic */ = {
			isa = PBXGroup;
			children = (
				FFFBBFEF1E4526C50052D68B /* GameFlow.swift */,
				FF7401F7227838A500FEE070 /* GameFlowInput.swift */,
				FF7401F9227838C000FEE070 /* GameFlowOutput.swift */,
			);
			name = GameLogic;
			sourceTree = "<group>";
		};
/* End PBXGroup section */

/* Begin PBXNativeTarget section */
		FF9B68591E4D1678006376CA /* BlocksTests */ = {
			isa = PBXNativeTarget;
			buildConfigurationList = FF9B68631E4D1678006376CA /* Build configuration list for PBXNativeTarget "BlocksTests" */;
			buildPhases = (
				FF9B68561E4D1678006376CA /* Sources */,
				FF9B68571E4D1678006376CA /* Frameworks */,
				FF9B68581E4D1678006376CA /* Resources */,
			);
			buildRules = (
			);
			dependencies = (
				FF9B68601E4D1678006376CA /* PBXTargetDependency */,
			);
			name = BlocksTests;
			productName = BlocksTests;
			productReference = FF9B685A1E4D1678006376CA /* BlocksTests.xctest */;
			productType = "com.apple.product-type.bundle.unit-test";
		};
		FFFBBFB61E4521700052D68B /* Blocks */ = {
			isa = PBXNativeTarget;
			buildConfigurationList = FFFBBFC91E4521700052D68B /* Build configuration list for PBXNativeTarget "Blocks" */;
			buildPhases = (
				FFFBBFB31E4521700052D68B /* Sources */,
				FFFBBFB41E4521700052D68B /* Frameworks */,
				FFFBBFB51E4521700052D68B /* Resources */,
			);
			buildRules = (
			);
			dependencies = (
			);
			name = Blocks;
			productName = Blocks;
			productReference = FFFBBFB71E4521700052D68B /* Blocks.app */;
			productType = "com.apple.product-type.application";
		};
/* End PBXNativeTarget section */

/* Begin PBXProject section */
		FFFBBFAF1E4521700052D68B /* Project object */ = {
			isa = PBXProject;
			attributes = {
				LastSwiftUpdateCheck = 0820;
				LastUpgradeCheck = 1020;
				ORGANIZATIONNAME = QuasarClaster;
				TargetAttributes = {
					FF9B68591E4D1678006376CA = {
						CreatedOnToolsVersion = 8.2.1;
						LastSwiftMigration = 1020;
						ProvisioningStyle = Automatic;
						TestTargetID = FFFBBFB61E4521700052D68B;
					};
					FFFBBFB61E4521700052D68B = {
						CreatedOnToolsVersion = 8.2.1;
						DevelopmentTeam = M3FHKUJ7Z3;
						LastSwiftMigration = 1020;
						ProvisioningStyle = Automatic;
					};
				};
			};
			buildConfigurationList = FFFBBFB21E4521700052D68B /* Build configuration list for PBXProject "Blocks" */;
			compatibilityVersion = "Xcode 3.2";
			developmentRegion = en;
			hasScannedForEncodings = 0;
			knownRegions = (
				en,
				Base,
			);
			mainGroup = FFFBBFAE1E4521700052D68B;
			productRefGroup = FFFBBFB81E4521700052D68B /* Products */;
			projectDirPath = "";
			projectRoot = "";
			targets = (
				FFFBBFB61E4521700052D68B /* Blocks */,
				FF9B68591E4D1678006376CA /* BlocksTests */,
			);
		};
/* End PBXProject section */

/* Begin PBXResourcesBuildPhase section */
		FF9B68581E4D1678006376CA /* Resources */ = {
			isa = PBXResourcesBuildPhase;
			buildActionMask = 2147483647;
			files = (
				FF90440A24FF7AE40090C4D2 /* Tetramonios.plist in Resources */,
			);
			runOnlyForDeploymentPostprocessing = 0;
		};
		FFFBBFB51E4521700052D68B /* Resources */ = {
			isa = PBXResourcesBuildPhase;
			buildActionMask = 2147483647;
			files = (
				FFFBBFC21E4521700052D68B /* Assets.xcassets in Resources */,
				FF289FF21EE8AF4100AD397C /* Localizable.strings in Resources */,
				FFA8F9A11FF827530071276A /* Tetramonios.plist in Resources */,
				FFFBBFC01E4521700052D68B /* Main.storyboard in Resources */,
				FF8A40FE1F6EA4F900EB243E /* FieldCollectionViewCell.xib in Resources */,
			);
			runOnlyForDeploymentPostprocessing = 0;
		};
/* End PBXResourcesBuildPhase section */

/* Begin PBXSourcesBuildPhase section */
		FF9B68561E4D1678006376CA /* Sources */ = {
			isa = PBXSourcesBuildPhase;
			buildActionMask = 2147483647;
			files = (
				FF8EC61C1E85B0CA0064FFCB /* BundleResourceLoaderTests.swift in Sources */,
				FF69313C250216EF00F3DF1B /* GameInteractorTests.swift in Sources */,
				FF76B0BD1E847F52001969FA /* TetramonioLoaderTests.swift in Sources */,
				FFA0655F1EC3ABB400B8907D /* CoredDataManagerTest.swift in Sources */,
				FF76B0BF1E847FA4001969FA /* GameLogicTests.swift in Sources */,
				FF6DC9C0250178E1009833F3 /* GamePresenterTests.swift in Sources */,
				FF76B0BB1E847EC0001969FA /* TetramonioGeneratorTests.swift in Sources */,
			);
			runOnlyForDeploymentPostprocessing = 0;
		};
		FFFBBFB31E4521700052D68B /* Sources */ = {
			isa = PBXSourcesBuildPhase;
			buildActionMask = 2147483647;
			files = (
				FF6931D825060FEA00F3DF1B /* StartGameConfig.swift in Sources */,
				FF82111225002ECD00D0C3CB /* Array+Teramonio.swift in Sources */,
				FF73EBED1EE564E6003F069B /* Game+CoreDataClass.swift in Sources */,
				FF9043FE24FF6D270090C4D2 /* ResourceLoadable.swift in Sources */,
				FF1B1CC21E55AC8B00D0E50D /* GamePresenter.swift in Sources */,
				FF7401FA227838C000FEE070 /* GameFlowOutput.swift in Sources */,
				FFFBBFEA1E4525050052D68B /* TetramonioGenerator.swift in Sources */,
				FF82110E2500224300D0C3CB /* Array+Additions.swift in Sources */,
				FF7401F8227838A500FEE070 /* GameFlowInput.swift in Sources */,
				FFFBBFE21E4523A10052D68B /* Tetramonio.swift in Sources */,
				FF74020422783A0800FEE070 /* GameInterractorOutput.swift in Sources */,
				FF2BA0BC1EE3F80500263D95 /* Cell+CoreDataClass.swift in Sources */,
				FF740200227839B300FEE070 /* GamePresenterInput.swift in Sources */,
				FF73EBEE1EE564E6003F069B /* Game+CoreDataProperties.swift in Sources */,
				FF858C5D1EBA6C33003EFEA3 /* CoreDataManager.swift in Sources */,
				FFE6D62D1E59A47A0060C1C8 /* FieldCollectionViewCell.swift in Sources */,
				FF90440824FF77B20090C4D2 /* ResourceLoadingError.swift in Sources */,
				FFFBBFF01E4526C50052D68B /* GameFlow.swift in Sources */,
				FFFBBFF51E4527DB0052D68B /* FieldCell.swift in Sources */,
				FF340C061E56432500EE82E1 /* GameAssambler.swift in Sources */,
				FF7401FE2278394D00FEE070 /* GameViewInput.swift in Sources */,
				FF73EBEA1EE55A27003F069B /* GameDbStore.swift in Sources */,
				FF9B68651E4D1797006376CA /* GameViewController.swift in Sources */,
				FF32D4651EEA11D700A15F9E /* GameOverChecker.swift in Sources */,
				FF9DE8431EAD5A0400F4128A /* TetramonioMatcher.swift in Sources */,
				FF9B68671E4D17E7006376CA /* GameInteractor.swift in Sources */,
				FF32D4681EEA1BFA00A15F9E /* FieldCroosLineChecker.swift in Sources */,
				FF6931D625060FDC00F3DF1B /* GameScore.swift in Sources */,
				FF2F7D7C1F93578C00C39520 /* EntityDescription.swift in Sources */,
				FF2BA0BD1EE3F80500263D95 /* Cell+CoreDataProperties.swift in Sources */,
				FF7401FC2278394000FEE070 /* GameViewOutput.swift in Sources */,
				FF9748BA1EE8AA1E00213F10 /* LocalizationManager.swift in Sources */,
				FF8A40F91F6E9BA000EB243E /* TetramonioView.swift in Sources */,
				FF0472081E81D56D0054FE13 /* Extensions.swift in Sources */,
				FF740202227839F200FEE070 /* GameInterractorInput.swift in Sources */,
				FF33CF811E8509E0007969C6 /* BundleResourceLoader.swift in Sources */,
				FFC8BC8424FEDD95000BB9D1 /* UICollectionViewCell+Resuable.swift in Sources */,
				FFB82A8A1E7D2F2A0043BD53 /* Blocks.xcdatamodeld in Sources */,
				FFA44A2F1E452D20000B4829 /* TetramonioLoader.swift in Sources */,
				FFFBBFBB1E4521700052D68B /* AppDelegate.swift in Sources */,
				FF7401F6227833B900FEE070 /* Typealiases.swift in Sources */,
				FF32D46A1EEA220100A15F9E /* Constatns.swift in Sources */,
				FFC4CDBB22A305FA0025A187 /* DraggedTetramonioChecker.swift in Sources */,
			);
			runOnlyForDeploymentPostprocessing = 0;
		};
/* End PBXSourcesBuildPhase section */

/* Begin PBXTargetDependency section */
		FF9B68601E4D1678006376CA /* PBXTargetDependency */ = {
			isa = PBXTargetDependency;
			target = FFFBBFB61E4521700052D68B /* Blocks */;
			targetProxy = FF9B685F1E4D1678006376CA /* PBXContainerItemProxy */;
		};
/* End PBXTargetDependency section */

/* Begin PBXVariantGroup section */
		FF289FF41EE8AF4100AD397C /* Localizable.strings */ = {
			isa = PBXVariantGroup;
			children = (
				FF289FF31EE8AF4100AD397C /* Base */,
				FF289FF51EE8AF4500AD397C /* en */,
			);
			name = Localizable.strings;
			sourceTree = "<group>";
		};
		FFFBBFBE1E4521700052D68B /* Main.storyboard */ = {
			isa = PBXVariantGroup;
			children = (
				FFFBBFBF1E4521700052D68B /* Base */,
			);
			name = Main.storyboard;
			sourceTree = "<group>";
		};
/* End PBXVariantGroup section */

/* Begin XCBuildConfiguration section */
		FF9B68611E4D1678006376CA /* Debug */ = {
			isa = XCBuildConfiguration;
			buildSettings = {
				BUNDLE_LOADER = "$(TEST_HOST)";
				INFOPLIST_FILE = BlocksTests/Info.plist;
				LD_RUNPATH_SEARCH_PATHS = "$(inherited) @executable_path/Frameworks @loader_path/Frameworks";
				PRODUCT_BUNDLE_IDENTIFIER = com.quasarius.BlocksTests;
				PRODUCT_NAME = "$(TARGET_NAME)";
				SWIFT_VERSION = 5.0;
				TEST_HOST = "$(BUILT_PRODUCTS_DIR)/Blocks.app/Blocks";
			};
			name = Debug;
		};
		FF9B68621E4D1678006376CA /* Release */ = {
			isa = XCBuildConfiguration;
			buildSettings = {
				BUNDLE_LOADER = "$(TEST_HOST)";
				INFOPLIST_FILE = BlocksTests/Info.plist;
				LD_RUNPATH_SEARCH_PATHS = "$(inherited) @executable_path/Frameworks @loader_path/Frameworks";
				PRODUCT_BUNDLE_IDENTIFIER = com.quasarius.BlocksTests;
				PRODUCT_NAME = "$(TARGET_NAME)";
				SWIFT_VERSION = 5.0;
				TEST_HOST = "$(BUILT_PRODUCTS_DIR)/Blocks.app/Blocks";
			};
			name = Release;
		};
		FFFBBFC71E4521700052D68B /* Debug */ = {
			isa = XCBuildConfiguration;
			buildSettings = {
				ALWAYS_SEARCH_USER_PATHS = NO;
				CLANG_ANALYZER_LOCALIZABILITY_NONLOCALIZED = YES;
				CLANG_ANALYZER_NONNULL = YES;
				CLANG_CXX_LANGUAGE_STANDARD = "gnu++0x";
				CLANG_CXX_LIBRARY = "libc++";
				CLANG_ENABLE_MODULES = YES;
				CLANG_ENABLE_OBJC_ARC = YES;
				CLANG_WARN_BLOCK_CAPTURE_AUTORELEASING = YES;
				CLANG_WARN_BOOL_CONVERSION = YES;
				CLANG_WARN_COMMA = YES;
				CLANG_WARN_CONSTANT_CONVERSION = YES;
				CLANG_WARN_DEPRECATED_OBJC_IMPLEMENTATIONS = YES;
				CLANG_WARN_DIRECT_OBJC_ISA_USAGE = YES_ERROR;
				CLANG_WARN_DOCUMENTATION_COMMENTS = YES;
				CLANG_WARN_EMPTY_BODY = YES;
				CLANG_WARN_ENUM_CONVERSION = YES;
				CLANG_WARN_INFINITE_RECURSION = YES;
				CLANG_WARN_INT_CONVERSION = YES;
				CLANG_WARN_NON_LITERAL_NULL_CONVERSION = YES;
				CLANG_WARN_OBJC_IMPLICIT_RETAIN_SELF = YES;
				CLANG_WARN_OBJC_LITERAL_CONVERSION = YES;
				CLANG_WARN_OBJC_ROOT_CLASS = YES_ERROR;
				CLANG_WARN_RANGE_LOOP_ANALYSIS = YES;
				CLANG_WARN_STRICT_PROTOTYPES = YES;
				CLANG_WARN_SUSPICIOUS_MOVE = YES;
				CLANG_WARN_UNREACHABLE_CODE = YES;
				CLANG_WARN__DUPLICATE_METHOD_MATCH = YES;
				"CODE_SIGN_IDENTITY[sdk=iphoneos*]" = "iPhone Developer";
				COPY_PHASE_STRIP = NO;
				DEBUG_INFORMATION_FORMAT = dwarf;
				ENABLE_STRICT_OBJC_MSGSEND = YES;
				ENABLE_TESTABILITY = YES;
				GCC_C_LANGUAGE_STANDARD = gnu99;
				GCC_DYNAMIC_NO_PIC = NO;
				GCC_NO_COMMON_BLOCKS = YES;
				GCC_OPTIMIZATION_LEVEL = 0;
				GCC_PREPROCESSOR_DEFINITIONS = (
					"DEBUG=1",
					"$(inherited)",
				);
				GCC_WARN_64_TO_32_BIT_CONVERSION = YES;
				GCC_WARN_ABOUT_RETURN_TYPE = YES_ERROR;
				GCC_WARN_UNDECLARED_SELECTOR = YES;
				GCC_WARN_UNINITIALIZED_AUTOS = YES_AGGRESSIVE;
				GCC_WARN_UNUSED_FUNCTION = YES;
				GCC_WARN_UNUSED_VARIABLE = YES;
				IPHONEOS_DEPLOYMENT_TARGET = 11.0;
				MTL_ENABLE_DEBUG_INFO = YES;
				ONLY_ACTIVE_ARCH = YES;
				SDKROOT = iphoneos;
				SWIFT_ACTIVE_COMPILATION_CONDITIONS = DEBUG;
				SWIFT_OPTIMIZATION_LEVEL = "-Onone";
				SWIFT_VERSION = "";
				TARGETED_DEVICE_FAMILY = "1,2";
			};
			name = Debug;
		};
		FFFBBFC81E4521700052D68B /* Release */ = {
			isa = XCBuildConfiguration;
			buildSettings = {
				ALWAYS_SEARCH_USER_PATHS = NO;
				CLANG_ANALYZER_LOCALIZABILITY_NONLOCALIZED = YES;
				CLANG_ANALYZER_NONNULL = YES;
				CLANG_CXX_LANGUAGE_STANDARD = "gnu++0x";
				CLANG_CXX_LIBRARY = "libc++";
				CLANG_ENABLE_MODULES = YES;
				CLANG_ENABLE_OBJC_ARC = YES;
				CLANG_WARN_BLOCK_CAPTURE_AUTORELEASING = YES;
				CLANG_WARN_BOOL_CONVERSION = YES;
				CLANG_WARN_COMMA = YES;
				CLANG_WARN_CONSTANT_CONVERSION = YES;
				CLANG_WARN_DEPRECATED_OBJC_IMPLEMENTATIONS = YES;
				CLANG_WARN_DIRECT_OBJC_ISA_USAGE = YES_ERROR;
				CLANG_WARN_DOCUMENTATION_COMMENTS = YES;
				CLANG_WARN_EMPTY_BODY = YES;
				CLANG_WARN_ENUM_CONVERSION = YES;
				CLANG_WARN_INFINITE_RECURSION = YES;
				CLANG_WARN_INT_CONVERSION = YES;
				CLANG_WARN_NON_LITERAL_NULL_CONVERSION = YES;
				CLANG_WARN_OBJC_IMPLICIT_RETAIN_SELF = YES;
				CLANG_WARN_OBJC_LITERAL_CONVERSION = YES;
				CLANG_WARN_OBJC_ROOT_CLASS = YES_ERROR;
				CLANG_WARN_RANGE_LOOP_ANALYSIS = YES;
				CLANG_WARN_STRICT_PROTOTYPES = YES;
				CLANG_WARN_SUSPICIOUS_MOVE = YES;
				CLANG_WARN_UNREACHABLE_CODE = YES;
				CLANG_WARN__DUPLICATE_METHOD_MATCH = YES;
				"CODE_SIGN_IDENTITY[sdk=iphoneos*]" = "iPhone Developer";
				COPY_PHASE_STRIP = NO;
				DEBUG_INFORMATION_FORMAT = "dwarf-with-dsym";
				ENABLE_NS_ASSERTIONS = NO;
				ENABLE_STRICT_OBJC_MSGSEND = YES;
				GCC_C_LANGUAGE_STANDARD = gnu99;
				GCC_NO_COMMON_BLOCKS = YES;
				GCC_WARN_64_TO_32_BIT_CONVERSION = YES;
				GCC_WARN_ABOUT_RETURN_TYPE = YES_ERROR;
				GCC_WARN_UNDECLARED_SELECTOR = YES;
				GCC_WARN_UNINITIALIZED_AUTOS = YES_AGGRESSIVE;
				GCC_WARN_UNUSED_FUNCTION = YES;
				GCC_WARN_UNUSED_VARIABLE = YES;
				IPHONEOS_DEPLOYMENT_TARGET = 11.0;
				MTL_ENABLE_DEBUG_INFO = NO;
				SDKROOT = iphoneos;
				SWIFT_OPTIMIZATION_LEVEL = "-Owholemodule";
				SWIFT_VERSION = "";
				TARGETED_DEVICE_FAMILY = "1,2";
				VALIDATE_PRODUCT = YES;
			};
			name = Release;
		};
		FFFBBFCA1E4521700052D68B /* Debug */ = {
			isa = XCBuildConfiguration;
			buildSettings = {
				ASSETCATALOG_COMPILER_APPICON_NAME = AppIcon;
				CODE_SIGN_ENTITLEMENTS = Blocks/Blocks.entitlements;
				DERIVE_UIKITFORMAC_PRODUCT_BUNDLE_IDENTIFIER = YES;
				DEVELOPMENT_TEAM = M3FHKUJ7Z3;
				INFOPLIST_FILE = Blocks/Info.plist;
				LD_RUNPATH_SEARCH_PATHS = "$(inherited) @executable_path/Frameworks";
				PRODUCT_BUNDLE_IDENTIFIER = com.quasarius.Blocks;
				PRODUCT_NAME = "$(TARGET_NAME)";
				SUPPORTS_UIKITFORMAC = YES;
				SWIFT_VERSION = 5.0;
				TARGETED_DEVICE_FAMILY = 1;
			};
			name = Debug;
		};
		FFFBBFCB1E4521700052D68B /* Release */ = {
			isa = XCBuildConfiguration;
			buildSettings = {
				ASSETCATALOG_COMPILER_APPICON_NAME = AppIcon;
				CODE_SIGN_ENTITLEMENTS = Blocks/Blocks.entitlements;
				DERIVE_UIKITFORMAC_PRODUCT_BUNDLE_IDENTIFIER = YES;
				DEVELOPMENT_TEAM = M3FHKUJ7Z3;
				INFOPLIST_FILE = Blocks/Info.plist;
				LD_RUNPATH_SEARCH_PATHS = "$(inherited) @executable_path/Frameworks";
				PRODUCT_BUNDLE_IDENTIFIER = com.quasarius.Blocks;
				PRODUCT_NAME = "$(TARGET_NAME)";
				SUPPORTS_UIKITFORMAC = YES;
				SWIFT_VERSION = 5.0;
				TARGETED_DEVICE_FAMILY = 1;
			};
			name = Release;
		};
/* End XCBuildConfiguration section */

/* Begin XCConfigurationList section */
		FF9B68631E4D1678006376CA /* Build configuration list for PBXNativeTarget "BlocksTests" */ = {
			isa = XCConfigurationList;
			buildConfigurations = (
				FF9B68611E4D1678006376CA /* Debug */,
				FF9B68621E4D1678006376CA /* Release */,
			);
			defaultConfigurationIsVisible = 0;
			defaultConfigurationName = Release;
		};
		FFFBBFB21E4521700052D68B /* Build configuration list for PBXProject "Blocks" */ = {
			isa = XCConfigurationList;
			buildConfigurations = (
				FFFBBFC71E4521700052D68B /* Debug */,
				FFFBBFC81E4521700052D68B /* Release */,
			);
			defaultConfigurationIsVisible = 0;
			defaultConfigurationName = Release;
		};
		FFFBBFC91E4521700052D68B /* Build configuration list for PBXNativeTarget "Blocks" */ = {
			isa = XCConfigurationList;
			buildConfigurations = (
				FFFBBFCA1E4521700052D68B /* Debug */,
				FFFBBFCB1E4521700052D68B /* Release */,
			);
			defaultConfigurationIsVisible = 0;
			defaultConfigurationName = Release;
		};
/* End XCConfigurationList section */

/* Begin XCVersionGroup section */
		FFB82A881E7D2F2A0043BD53 /* Blocks.xcdatamodeld */ = {
			isa = XCVersionGroup;
			children = (
				FFB82A891E7D2F2A0043BD53 /* Blocks.xcdatamodel */,
			);
			currentVersion = FFB82A891E7D2F2A0043BD53 /* Blocks.xcdatamodel */;
			path = Blocks.xcdatamodeld;
			sourceTree = "<group>";
			versionGroupType = wrapper.xcdatamodel;
		};
/* End XCVersionGroup section */
	};
	rootObject = FFFBBFAF1E4521700052D68B /* Project object */;
}
