// !$*UTF8*$!
{
	archiveVersion = 1;
	classes = {
	};
	objectVersion = 46;
	objects = {

/* Begin PBXBuildFile section */
		FF0472081E81D56D0054FE13 /* Extensions.swift in Sources */ = {isa = PBXBuildFile; fileRef = FF0472071E81D56D0054FE13 /* Extensions.swift */; };
		FF1B1CC21E55AC8B00D0E50D /* GamePresenter.swift in Sources */ = {isa = PBXBuildFile; fileRef = FF1B1CC11E55AC8B00D0E50D /* GamePresenter.swift */; };
		FF33CF811E8509E0007969C6 /* PlistDataProvider.swift in Sources */ = {isa = PBXBuildFile; fileRef = FF33CF801E8509E0007969C6 /* PlistDataProvider.swift */; };
		FF340C061E56432500EE82E1 /* GameAssambler.swift in Sources */ = {isa = PBXBuildFile; fileRef = FF340C051E56432500EE82E1 /* GameAssambler.swift */; };
		FF76B0BB1E847EC0001969FA /* TetramoniosManagerTests.swift in Sources */ = {isa = PBXBuildFile; fileRef = FF76B0BA1E847EC0001969FA /* TetramoniosManagerTests.swift */; };
		FF76B0BD1E847F52001969FA /* TetramonioDataProviderTest.swift in Sources */ = {isa = PBXBuildFile; fileRef = FF76B0BC1E847F52001969FA /* TetramonioDataProviderTest.swift */; };
		FF76B0BF1E847FA4001969FA /* GameLogicTests.swift in Sources */ = {isa = PBXBuildFile; fileRef = FF76B0BE1E847FA4001969FA /* GameLogicTests.swift */; };
		FF76B0C11E847FFB001969FA /* RandomTests.swift in Sources */ = {isa = PBXBuildFile; fileRef = FF76B0C01E847FFB001969FA /* RandomTests.swift */; };
		FF858C5D1EBA6C33003EFEA3 /* CoreDataManager.swift in Sources */ = {isa = PBXBuildFile; fileRef = FF858C5C1EBA6C33003EFEA3 /* CoreDataManager.swift */; };
		FF8EC61C1E85B0CA0064FFCB /* PlistDataProviderTests.swift in Sources */ = {isa = PBXBuildFile; fileRef = FF8EC61B1E85B0CA0064FFCB /* PlistDataProviderTests.swift */; };
		FF9B68651E4D1797006376CA /* GameViewController.swift in Sources */ = {isa = PBXBuildFile; fileRef = FF9B68641E4D1797006376CA /* GameViewController.swift */; };
		FF9B68671E4D17E7006376CA /* GameInteractor.swift in Sources */ = {isa = PBXBuildFile; fileRef = FF9B68661E4D17E7006376CA /* GameInteractor.swift */; };
		FF9DE8431EAD5A0400F4128A /* CheckTetramonioManager.swift in Sources */ = {isa = PBXBuildFile; fileRef = FF9DE8421EAD5A0400F4128A /* CheckTetramonioManager.swift */; };
		FFA44A2F1E452D20000B4829 /* TetramonioDataProvider.swift in Sources */ = {isa = PBXBuildFile; fileRef = FFA44A2E1E452D20000B4829 /* TetramonioDataProvider.swift */; };
		FFA44A341E452EBF000B4829 /* Tetramonios.plist in Resources */ = {isa = PBXBuildFile; fileRef = FFA44A331E452EBF000B4829 /* Tetramonios.plist */; };
		FFA44A371E45344F000B4829 /* TetramonioType.swift in Sources */ = {isa = PBXBuildFile; fileRef = FFA44A361E45344F000B4829 /* TetramonioType.swift */; };
		FFB82A8A1E7D2F2A0043BD53 /* Blocks.xcdatamodeld in Sources */ = {isa = PBXBuildFile; fileRef = FFB82A881E7D2F2A0043BD53 /* Blocks.xcdatamodeld */; };
		FFCB88AA1E563E8600BF4B90 /* ScoreManager.swift in Sources */ = {isa = PBXBuildFile; fileRef = FFCB88A91E563E8600BF4B90 /* ScoreManager.swift */; };
		FFE6D62D1E59A47A0060C1C8 /* FieldCell.swift in Sources */ = {isa = PBXBuildFile; fileRef = FFE6D62C1E59A47A0060C1C8 /* FieldCell.swift */; };
		FFFBBFBB1E4521700052D68B /* AppDelegate.swift in Sources */ = {isa = PBXBuildFile; fileRef = FFFBBFBA1E4521700052D68B /* AppDelegate.swift */; };
		FFFBBFC01E4521700052D68B /* Main.storyboard in Resources */ = {isa = PBXBuildFile; fileRef = FFFBBFBE1E4521700052D68B /* Main.storyboard */; };
		FFFBBFC21E4521700052D68B /* Assets.xcassets in Resources */ = {isa = PBXBuildFile; fileRef = FFFBBFC11E4521700052D68B /* Assets.xcassets */; };
		FFFBBFE21E4523A10052D68B /* Tetramonio.swift in Sources */ = {isa = PBXBuildFile; fileRef = FFFBBFE11E4523A10052D68B /* Tetramonio.swift */; };
		FFFBBFEA1E4525050052D68B /* TetramonioManager.swift in Sources */ = {isa = PBXBuildFile; fileRef = FFFBBFE91E4525050052D68B /* TetramonioManager.swift */; };
		FFFBBFF01E4526C50052D68B /* GameLogicManager.swift in Sources */ = {isa = PBXBuildFile; fileRef = FFFBBFEF1E4526C50052D68B /* GameLogicManager.swift */; };
		FFFBBFF51E4527DB0052D68B /* CellData.swift in Sources */ = {isa = PBXBuildFile; fileRef = FFFBBFF41E4527DB0052D68B /* CellData.swift */; };
		FFFBBFF71E45283A0052D68B /* CellState.swift in Sources */ = {isa = PBXBuildFile; fileRef = FFFBBFF61E45283A0052D68B /* CellState.swift */; };
/* End PBXBuildFile section */

/* Begin PBXContainerItemProxy section */
		FF9B685F1E4D1678006376CA /* PBXContainerItemProxy */ = {
			isa = PBXContainerItemProxy;
			containerPortal = FFFBBFAF1E4521700052D68B /* Project object */;
			proxyType = 1;
			remoteGlobalIDString = FFFBBFB61E4521700052D68B;
			remoteInfo = Blocks;
		};
/* End PBXContainerItemProxy section */

/* Begin PBXFileReference section */
		FF0472071E81D56D0054FE13 /* Extensions.swift */ = {isa = PBXFileReference; fileEncoding = 4; lastKnownFileType = sourcecode.swift; path = Extensions.swift; sourceTree = "<group>"; };
		FF1B1CC11E55AC8B00D0E50D /* GamePresenter.swift */ = {isa = PBXFileReference; fileEncoding = 4; lastKnownFileType = sourcecode.swift; path = GamePresenter.swift; sourceTree = "<group>"; };
		FF33CF801E8509E0007969C6 /* PlistDataProvider.swift */ = {isa = PBXFileReference; fileEncoding = 4; lastKnownFileType = sourcecode.swift; path = PlistDataProvider.swift; sourceTree = "<group>"; };
		FF340C051E56432500EE82E1 /* GameAssambler.swift */ = {isa = PBXFileReference; fileEncoding = 4; lastKnownFileType = sourcecode.swift; path = GameAssambler.swift; sourceTree = "<group>"; };
		FF76B0BA1E847EC0001969FA /* TetramoniosManagerTests.swift */ = {isa = PBXFileReference; fileEncoding = 4; lastKnownFileType = sourcecode.swift; path = TetramoniosManagerTests.swift; sourceTree = "<group>"; };
		FF76B0BC1E847F52001969FA /* TetramonioDataProviderTest.swift */ = {isa = PBXFileReference; fileEncoding = 4; lastKnownFileType = sourcecode.swift; path = TetramonioDataProviderTest.swift; sourceTree = "<group>"; };
		FF76B0BE1E847FA4001969FA /* GameLogicTests.swift */ = {isa = PBXFileReference; fileEncoding = 4; lastKnownFileType = sourcecode.swift; path = GameLogicTests.swift; sourceTree = "<group>"; };
		FF76B0C01E847FFB001969FA /* RandomTests.swift */ = {isa = PBXFileReference; fileEncoding = 4; lastKnownFileType = sourcecode.swift; path = RandomTests.swift; sourceTree = "<group>"; };
		FF858C5C1EBA6C33003EFEA3 /* CoreDataManager.swift */ = {isa = PBXFileReference; fileEncoding = 4; lastKnownFileType = sourcecode.swift; path = CoreDataManager.swift; sourceTree = "<group>"; };
		FF8EC61B1E85B0CA0064FFCB /* PlistDataProviderTests.swift */ = {isa = PBXFileReference; fileEncoding = 4; lastKnownFileType = sourcecode.swift; path = PlistDataProviderTests.swift; sourceTree = "<group>"; };
		FF9B685A1E4D1678006376CA /* BlocksTests.xctest */ = {isa = PBXFileReference; explicitFileType = wrapper.cfbundle; includeInIndex = 0; path = BlocksTests.xctest; sourceTree = BUILT_PRODUCTS_DIR; };
		FF9B685E1E4D1678006376CA /* Info.plist */ = {isa = PBXFileReference; lastKnownFileType = text.plist.xml; path = Info.plist; sourceTree = "<group>"; };
		FF9B68641E4D1797006376CA /* GameViewController.swift */ = {isa = PBXFileReference; fileEncoding = 4; lastKnownFileType = sourcecode.swift; path = GameViewController.swift; sourceTree = "<group>"; };
		FF9B68661E4D17E7006376CA /* GameInteractor.swift */ = {isa = PBXFileReference; fileEncoding = 4; lastKnownFileType = sourcecode.swift; path = GameInteractor.swift; sourceTree = "<group>"; };
		FF9DE8421EAD5A0400F4128A /* CheckTetramonioManager.swift */ = {isa = PBXFileReference; fileEncoding = 4; lastKnownFileType = sourcecode.swift; path = CheckTetramonioManager.swift; sourceTree = "<group>"; };
		FFA44A2E1E452D20000B4829 /* TetramonioDataProvider.swift */ = {isa = PBXFileReference; fileEncoding = 4; lastKnownFileType = sourcecode.swift; path = TetramonioDataProvider.swift; sourceTree = "<group>"; };
		FFA44A331E452EBF000B4829 /* Tetramonios.plist */ = {isa = PBXFileReference; fileEncoding = 4; lastKnownFileType = text.plist.xml; name = Tetramonios.plist; path = ../../etris/Etris/Tetramonios.plist; sourceTree = "<group>"; };
		FFA44A361E45344F000B4829 /* TetramonioType.swift */ = {isa = PBXFileReference; fileEncoding = 4; lastKnownFileType = sourcecode.swift; path = TetramonioType.swift; sourceTree = "<group>"; };
		FFB82A891E7D2F2A0043BD53 /* Blocks.xcdatamodel */ = {isa = PBXFileReference; lastKnownFileType = wrapper.xcdatamodel; path = Blocks.xcdatamodel; sourceTree = "<group>"; };
		FFCB88A91E563E8600BF4B90 /* ScoreManager.swift */ = {isa = PBXFileReference; fileEncoding = 4; lastKnownFileType = sourcecode.swift; path = ScoreManager.swift; sourceTree = "<group>"; };
		FFE6D62C1E59A47A0060C1C8 /* FieldCell.swift */ = {isa = PBXFileReference; fileEncoding = 4; lastKnownFileType = sourcecode.swift; path = FieldCell.swift; sourceTree = "<group>"; };
		FFFBBFB71E4521700052D68B /* Blocks.app */ = {isa = PBXFileReference; explicitFileType = wrapper.application; includeInIndex = 0; path = Blocks.app; sourceTree = BUILT_PRODUCTS_DIR; };
		FFFBBFBA1E4521700052D68B /* AppDelegate.swift */ = {isa = PBXFileReference; lastKnownFileType = sourcecode.swift; path = AppDelegate.swift; sourceTree = "<group>"; };
		FFFBBFBF1E4521700052D68B /* Base */ = {isa = PBXFileReference; lastKnownFileType = file.storyboard; name = Base; path = Base.lproj/Main.storyboard; sourceTree = "<group>"; };
		FFFBBFC11E4521700052D68B /* Assets.xcassets */ = {isa = PBXFileReference; lastKnownFileType = folder.assetcatalog; path = Assets.xcassets; sourceTree = "<group>"; };
		FFFBBFC61E4521700052D68B /* Info.plist */ = {isa = PBXFileReference; lastKnownFileType = text.plist.xml; path = Info.plist; sourceTree = "<group>"; };
		FFFBBFE11E4523A10052D68B /* Tetramonio.swift */ = {isa = PBXFileReference; fileEncoding = 4; lastKnownFileType = sourcecode.swift; path = Tetramonio.swift; sourceTree = "<group>"; };
		FFFBBFE91E4525050052D68B /* TetramonioManager.swift */ = {isa = PBXFileReference; fileEncoding = 4; lastKnownFileType = sourcecode.swift; path = TetramonioManager.swift; sourceTree = "<group>"; };
		FFFBBFEF1E4526C50052D68B /* GameLogicManager.swift */ = {isa = PBXFileReference; fileEncoding = 4; lastKnownFileType = sourcecode.swift; path = GameLogicManager.swift; sourceTree = "<group>"; };
		FFFBBFF41E4527DB0052D68B /* CellData.swift */ = {isa = PBXFileReference; fileEncoding = 4; lastKnownFileType = sourcecode.swift; path = CellData.swift; sourceTree = "<group>"; };
		FFFBBFF61E45283A0052D68B /* CellState.swift */ = {isa = PBXFileReference; fileEncoding = 4; lastKnownFileType = sourcecode.swift; path = CellState.swift; sourceTree = "<group>"; };
/* End PBXFileReference section */

/* Begin PBXFrameworksBuildPhase section */
		FF9B68571E4D1678006376CA /* Frameworks */ = {
			isa = PBXFrameworksBuildPhase;
			buildActionMask = 2147483647;
			files = (
			);
			runOnlyForDeploymentPostprocessing = 0;
		};
		FFFBBFB41E4521700052D68B /* Frameworks */ = {
			isa = PBXFrameworksBuildPhase;
			buildActionMask = 2147483647;
			files = (
			);
			runOnlyForDeploymentPostprocessing = 0;
		};
/* End PBXFrameworksBuildPhase section */

/* Begin PBXGroup section */
		FF0472091E81D5770054FE13 /* Extensions */ = {
			isa = PBXGroup;
			children = (
				FF0472071E81D56D0054FE13 /* Extensions.swift */,
			);
			name = Extensions;
			sourceTree = "<group>";
		};
		FF858C5B1EBA6C1C003EFEA3 /* CoreDataManager */ = {
			isa = PBXGroup;
			children = (
				FF858C5C1EBA6C33003EFEA3 /* CoreDataManager.swift */,
			);
			name = CoreDataManager;
			sourceTree = "<group>";
		};
		FF9B685B1E4D1678006376CA /* BlocksTests */ = {
			isa = PBXGroup;
			children = (
				FF76B0BE1E847FA4001969FA /* GameLogicTests.swift */,
				FF76B0C01E847FFB001969FA /* RandomTests.swift */,
				FF76B0BA1E847EC0001969FA /* TetramoniosManagerTests.swift */,
				FF76B0BC1E847F52001969FA /* TetramonioDataProviderTest.swift */,
				FF8EC61B1E85B0CA0064FFCB /* PlistDataProviderTests.swift */,
				FF9B685E1E4D1678006376CA /* Info.plist */,
			);
			path = BlocksTests;
			sourceTree = "<group>";
		};
		FFA44A2D1E452C4F000B4829 /* TetramoniosDataProvider */ = {
			isa = PBXGroup;
			children = (
				FFA44A2E1E452D20000B4829 /* TetramonioDataProvider.swift */,
				FF33CF801E8509E0007969C6 /* PlistDataProvider.swift */,
			);
			name = TetramoniosDataProvider;
			sourceTree = "<group>";
		};
		FFA44A301E452E11000B4829 /* Resources */ = {
			isa = PBXGroup;
			children = (
				FFA44A321E452E5F000B4829 /* SupportingFiles */,
				FFA44A311E452E54000B4829 /* Images */,
			);
			name = Resources;
			sourceTree = "<group>";
		};
		FFA44A311E452E54000B4829 /* Images */ = {
			isa = PBXGroup;
			children = (
				FFFBBFC11E4521700052D68B /* Assets.xcassets */,
			);
			name = Images;
			sourceTree = "<group>";
		};
		FFA44A321E452E5F000B4829 /* SupportingFiles */ = {
			isa = PBXGroup;
			children = (
				FFA44A331E452EBF000B4829 /* Tetramonios.plist */,
				FFFBBFC61E4521700052D68B /* Info.plist */,
			);
			name = SupportingFiles;
			sourceTree = "<group>";
		};
		FFCB88A61E563E1C00BF4B90 /* ScoreManager */ = {
			isa = PBXGroup;
			children = (
				FFCB88A91E563E8600BF4B90 /* ScoreManager.swift */,
			);
			name = ScoreManager;
			sourceTree = "<group>";
		};
		FFFBBFAE1E4521700052D68B = {
			isa = PBXGroup;
			children = (
				FFFBBFB91E4521700052D68B /* Blocks */,
				FF9B685B1E4D1678006376CA /* BlocksTests */,
				FFFBBFB81E4521700052D68B /* Products */,
			);
			sourceTree = "<group>";
		};
		FFFBBFB81E4521700052D68B /* Products */ = {
			isa = PBXGroup;
			children = (
				FFFBBFB71E4521700052D68B /* Blocks.app */,
				FF9B685A1E4D1678006376CA /* BlocksTests.xctest */,
			);
			name = Products;
			sourceTree = "<group>";
		};
		FFFBBFB91E4521700052D68B /* Blocks */ = {
			isa = PBXGroup;
			children = (
				FFFBBFCC1E4521840052D68B /* Classes */,
				FFA44A301E452E11000B4829 /* Resources */,
				FFFBBFBE1E4521700052D68B /* Main.storyboard */,
				FFB82A881E7D2F2A0043BD53 /* Blocks.xcdatamodeld */,
			);
			path = Blocks;
			sourceTree = "<group>";
		};
		FFFBBFCC1E4521840052D68B /* Classes */ = {
			isa = PBXGroup;
			children = (
				FFFBBFCE1E4521AA0052D68B /* Modules */,
				FFFBBFCD1E45218D0052D68B /* Common */,
			);
			name = Classes;
			sourceTree = "<group>";
		};
		FFFBBFCD1E45218D0052D68B /* Common */ = {
			isa = PBXGroup;
			children = (
				FF0472091E81D5770054FE13 /* Extensions */,
				FFFBBFBA1E4521700052D68B /* AppDelegate.swift */,
				FFFBBFE31E45241D0052D68B /* Enteties */,
				FFFBBFDC1E4522FC0052D68B /* Managers */,
			);
			name = Common;
			sourceTree = "<group>";
		};
		FFFBBFCE1E4521AA0052D68B /* Modules */ = {
			isa = PBXGroup;
			children = (
				FFFBBFD01E4521DA0052D68B /* Game */,
			);
			name = Modules;
			sourceTree = "<group>";
		};
		FFFBBFD01E4521DA0052D68B /* Game */ = {
			isa = PBXGroup;
			children = (
				FFFBBFD11E4522000052D68B /* View */,
				FFFBBFD51E4522390052D68B /* Assambler */,
				FFFBBFD31E4522100052D68B /* Presenter */,
				FFFBBFD21E4522060052D68B /* Interractor */,
			);
			name = Game;
			sourceTree = "<group>";
		};
		FFFBBFD11E4522000052D68B /* View */ = {
			isa = PBXGroup;
			children = (
				FFE6D62C1E59A47A0060C1C8 /* FieldCell.swift */,
				FF9B68641E4D1797006376CA /* GameViewController.swift */,
			);
			name = View;
			sourceTree = "<group>";
		};
		FFFBBFD21E4522060052D68B /* Interractor */ = {
			isa = PBXGroup;
			children = (
				FF9B68661E4D17E7006376CA /* GameInteractor.swift */,
			);
			name = Interractor;
			sourceTree = "<group>";
		};
		FFFBBFD31E4522100052D68B /* Presenter */ = {
			isa = PBXGroup;
			children = (
				FF1B1CC11E55AC8B00D0E50D /* GamePresenter.swift */,
			);
			name = Presenter;
			sourceTree = "<group>";
		};
		FFFBBFD51E4522390052D68B /* Assambler */ = {
			isa = PBXGroup;
			children = (
				FF340C051E56432500EE82E1 /* GameAssambler.swift */,
			);
			name = Assambler;
			sourceTree = "<group>";
		};
		FFFBBFDC1E4522FC0052D68B /* Managers */ = {
			isa = PBXGroup;
			children = (
				FF858C5B1EBA6C1C003EFEA3 /* CoreDataManager */,
				FFCB88A61E563E1C00BF4B90 /* ScoreManager */,
				FFA44A2D1E452C4F000B4829 /* TetramoniosDataProvider */,
				FFFBBFEE1E4526AF0052D68B /* GameLogicManager */,
				FFFBBFED1E4526A20052D68B /* TetramonioManager */,
			);
			name = Managers;
			sourceTree = "<group>";
		};
		FFFBBFE31E45241D0052D68B /* Enteties */ = {
			isa = PBXGroup;
			children = (
				FFFBBFE11E4523A10052D68B /* Tetramonio.swift */,
				FFFBBFF41E4527DB0052D68B /* CellData.swift */,
				FFA44A361E45344F000B4829 /* TetramonioType.swift */,
				FFFBBFF61E45283A0052D68B /* CellState.swift */,
			);
			name = Enteties;
			sourceTree = "<group>";
		};
		FFFBBFED1E4526A20052D68B /* TetramonioManager */ = {
			isa = PBXGroup;
			children = (
				FFFBBFE91E4525050052D68B /* TetramonioManager.swift */,
			);
			name = TetramonioManager;
			sourceTree = "<group>";
		};
		FFFBBFEE1E4526AF0052D68B /* GameLogicManager */ = {
			isa = PBXGroup;
			children = (
				FFFBBFEF1E4526C50052D68B /* GameLogicManager.swift */,
				FF9DE8421EAD5A0400F4128A /* CheckTetramonioManager.swift */,
			);
			name = GameLogicManager;
			sourceTree = "<group>";
		};
/* End PBXGroup section */

/* Begin PBXNativeTarget section */
		FF9B68591E4D1678006376CA /* BlocksTests */ = {
			isa = PBXNativeTarget;
			buildConfigurationList = FF9B68631E4D1678006376CA /* Build configuration list for PBXNativeTarget "BlocksTests" */;
			buildPhases = (
				FF9B68561E4D1678006376CA /* Sources */,
				FF9B68571E4D1678006376CA /* Frameworks */,
				FF9B68581E4D1678006376CA /* Resources */,
			);
			buildRules = (
			);
			dependencies = (
				FF9B68601E4D1678006376CA /* PBXTargetDependency */,
			);
			name = BlocksTests;
			productName = BlocksTests;
			productReference = FF9B685A1E4D1678006376CA /* BlocksTests.xctest */;
			productType = "com.apple.product-type.bundle.unit-test";
		};
		FFFBBFB61E4521700052D68B /* Blocks */ = {
			isa = PBXNativeTarget;
			buildConfigurationList = FFFBBFC91E4521700052D68B /* Build configuration list for PBXNativeTarget "Blocks" */;
			buildPhases = (
				FFFBBFB31E4521700052D68B /* Sources */,
				FFFBBFB41E4521700052D68B /* Frameworks */,
				FFFBBFB51E4521700052D68B /* Resources */,
			);
			buildRules = (
			);
			dependencies = (
			);
			name = Blocks;
			productName = Blocks;
			productReference = FFFBBFB71E4521700052D68B /* Blocks.app */;
			productType = "com.apple.product-type.application";
		};
/* End PBXNativeTarget section */

/* Begin PBXProject section */
		FFFBBFAF1E4521700052D68B /* Project object */ = {
			isa = PBXProject;
			attributes = {
				LastSwiftUpdateCheck = 0820;
				LastUpgradeCheck = 0820;
				ORGANIZATIONNAME = QuasarClaster;
				TargetAttributes = {
					FF9B68591E4D1678006376CA = {
						CreatedOnToolsVersion = 8.2.1;
						ProvisioningStyle = Automatic;
						TestTargetID = FFFBBFB61E4521700052D68B;
					};
					FFFBBFB61E4521700052D68B = {
						CreatedOnToolsVersion = 8.2.1;
						ProvisioningStyle = Automatic;
					};
				};
			};
			buildConfigurationList = FFFBBFB21E4521700052D68B /* Build configuration list for PBXProject "Blocks" */;
			compatibilityVersion = "Xcode 3.2";
			developmentRegion = English;
			hasScannedForEncodings = 0;
			knownRegions = (
				en,
				Base,
			);
			mainGroup = FFFBBFAE1E4521700052D68B;
			productRefGroup = FFFBBFB81E4521700052D68B /* Products */;
			projectDirPath = "";
			projectRoot = "";
			targets = (
				FFFBBFB61E4521700052D68B /* Blocks */,
				FF9B68591E4D1678006376CA /* BlocksTests */,
			);
		};
/* End PBXProject section */

/* Begin PBXResourcesBuildPhase section */
		FF9B68581E4D1678006376CA /* Resources */ = {
			isa = PBXResourcesBuildPhase;
			buildActionMask = 2147483647;
			files = (
			);
			runOnlyForDeploymentPostprocessing = 0;
		};
		FFFBBFB51E4521700052D68B /* Resources */ = {
			isa = PBXResourcesBuildPhase;
			buildActionMask = 2147483647;
			files = (
				FFFBBFC21E4521700052D68B /* Assets.xcassets in Resources */,
				FFFBBFC01E4521700052D68B /* Main.storyboard in Resources */,
				FFA44A341E452EBF000B4829 /* Tetramonios.plist in Resources */,
			);
			runOnlyForDeploymentPostprocessing = 0;
		};
/* End PBXResourcesBuildPhase section */

/* Begin PBXSourcesBuildPhase section */
		FF9B68561E4D1678006376CA /* Sources */ = {
			isa = PBXSourcesBuildPhase;
			buildActionMask = 2147483647;
			files = (
				FF8EC61C1E85B0CA0064FFCB /* PlistDataProviderTests.swift in Sources */,
				FF76B0C11E847FFB001969FA /* RandomTests.swift in Sources */,
				FF76B0BD1E847F52001969FA /* TetramonioDataProviderTest.swift in Sources */,
				FF76B0BF1E847FA4001969FA /* GameLogicTests.swift in Sources */,
				FF76B0BB1E847EC0001969FA /* TetramoniosManagerTests.swift in Sources */,
			);
			runOnlyForDeploymentPostprocessing = 0;
		};
		FFFBBFB31E4521700052D68B /* Sources */ = {
			isa = PBXSourcesBuildPhase;
			buildActionMask = 2147483647;
			files = (
				FF1B1CC21E55AC8B00D0E50D /* GamePresenter.swift in Sources */,
				FFFBBFEA1E4525050052D68B /* TetramonioManager.swift in Sources */,
				FFFBBFE21E4523A10052D68B /* Tetramonio.swift in Sources */,
				FF858C5D1EBA6C33003EFEA3 /* CoreDataManager.swift in Sources */,
				FFE6D62D1E59A47A0060C1C8 /* FieldCell.swift in Sources */,
				FFFBBFF01E4526C50052D68B /* GameLogicManager.swift in Sources */,
				FFFBBFF51E4527DB0052D68B /* CellData.swift in Sources */,
				FF340C061E56432500EE82E1 /* GameAssambler.swift in Sources */,
				FF9B68651E4D1797006376CA /* GameViewController.swift in Sources */,
				FF9DE8431EAD5A0400F4128A /* CheckTetramonioManager.swift in Sources */,
				FF9B68671E4D17E7006376CA /* GameInteractor.swift in Sources */,
				FFFBBFF71E45283A0052D68B /* CellState.swift in Sources */,
				FFCB88AA1E563E8600BF4B90 /* ScoreManager.swift in Sources */,
				FF0472081E81D56D0054FE13 /* Extensions.swift in Sources */,
				FF33CF811E8509E0007969C6 /* PlistDataProvider.swift in Sources */,
				FFB82A8A1E7D2F2A0043BD53 /* Blocks.xcdatamodeld in Sources */,
				FFA44A2F1E452D20000B4829 /* TetramonioDataProvider.swift in Sources */,
				FFA44A371E45344F000B4829 /* TetramonioType.swift in Sources */,
				FFFBBFBB1E4521700052D68B /* AppDelegate.swift in Sources */,
			);
			runOnlyForDeploymentPostprocessing = 0;
		};
/* End PBXSourcesBuildPhase section */

/* Begin PBXTargetDependency section */
		FF9B68601E4D1678006376CA /* PBXTargetDependency */ = {
			isa = PBXTargetDependency;
			target = FFFBBFB61E4521700052D68B /* Blocks */;
			targetProxy = FF9B685F1E4D1678006376CA /* PBXContainerItemProxy */;
		};
/* End PBXTargetDependency section */

/* Begin PBXVariantGroup section */
		FFFBBFBE1E4521700052D68B /* Main.storyboard */ = {
			isa = PBXVariantGroup;
			children = (
				FFFBBFBF1E4521700052D68B /* Base */,
			);
			name = Main.storyboard;
			sourceTree = "<group>";
		};
/* End PBXVariantGroup section */

/* Begin XCBuildConfiguration section */
		FF9B68611E4D1678006376CA /* Debug */ = {
			isa = XCBuildConfiguration;
			buildSettings = {
				BUNDLE_LOADER = "$(TEST_HOST)";
				INFOPLIST_FILE = BlocksTests/Info.plist;
				LD_RUNPATH_SEARCH_PATHS = "$(inherited) @executable_path/Frameworks @loader_path/Frameworks";
				PRODUCT_BUNDLE_IDENTIFIER = com.quasarius.BlocksTests;
				PRODUCT_NAME = "$(TARGET_NAME)";
				SWIFT_VERSION = 3.0;
				TEST_HOST = "$(BUILT_PRODUCTS_DIR)/Blocks.app/Blocks";
			};
			name = Debug;
		};
		FF9B68621E4D1678006376CA /* Release */ = {
			isa = XCBuildConfiguration;
			buildSettings = {
				BUNDLE_LOADER = "$(TEST_HOST)";
				INFOPLIST_FILE = BlocksTests/Info.plist;
				LD_RUNPATH_SEARCH_PATHS = "$(inherited) @executable_path/Frameworks @loader_path/Frameworks";
				PRODUCT_BUNDLE_IDENTIFIER = com.quasarius.BlocksTests;
				PRODUCT_NAME = "$(TARGET_NAME)";
				SWIFT_VERSION = 3.0;
				TEST_HOST = "$(BUILT_PRODUCTS_DIR)/Blocks.app/Blocks";
			};
			name = Release;
		};
		FFFBBFC71E4521700052D68B /* Debug */ = {
			isa = XCBuildConfiguration;
			buildSettings = {
				ALWAYS_SEARCH_USER_PATHS = NO;
				CLANG_ANALYZER_NONNULL = YES;
				CLANG_CXX_LANGUAGE_STANDARD = "gnu++0x";
				CLANG_CXX_LIBRARY = "libc++";
				CLANG_ENABLE_MODULES = YES;
				CLANG_ENABLE_OBJC_ARC = YES;
				CLANG_WARN_BOOL_CONVERSION = YES;
				CLANG_WARN_CONSTANT_CONVERSION = YES;
				CLANG_WARN_DIRECT_OBJC_ISA_USAGE = YES_ERROR;
				CLANG_WARN_DOCUMENTATION_COMMENTS = YES;
				CLANG_WARN_EMPTY_BODY = YES;
				CLANG_WARN_ENUM_CONVERSION = YES;
				CLANG_WARN_INFINITE_RECURSION = YES;
				CLANG_WARN_INT_CONVERSION = YES;
				CLANG_WARN_OBJC_ROOT_CLASS = YES_ERROR;
				CLANG_WARN_SUSPICIOUS_MOVE = YES;
				CLANG_WARN_UNREACHABLE_CODE = YES;
				CLANG_WARN__DUPLICATE_METHOD_MATCH = YES;
				"CODE_SIGN_IDENTITY[sdk=iphoneos*]" = "iPhone Developer";
				COPY_PHASE_STRIP = NO;
				DEBUG_INFORMATION_FORMAT = dwarf;
				ENABLE_STRICT_OBJC_MSGSEND = YES;
				ENABLE_TESTABILITY = YES;
				GCC_C_LANGUAGE_STANDARD = gnu99;
				GCC_DYNAMIC_NO_PIC = NO;
				GCC_NO_COMMON_BLOCKS = YES;
				GCC_OPTIMIZATION_LEVEL = 0;
				GCC_PREPROCESSOR_DEFINITIONS = (
					"DEBUG=1",
					"$(inherited)",
				);
				GCC_WARN_64_TO_32_BIT_CONVERSION = YES;
				GCC_WARN_ABOUT_RETURN_TYPE = YES_ERROR;
				GCC_WARN_UNDECLARED_SELECTOR = YES;
				GCC_WARN_UNINITIALIZED_AUTOS = YES_AGGRESSIVE;
				GCC_WARN_UNUSED_FUNCTION = YES;
				GCC_WARN_UNUSED_VARIABLE = YES;
				IPHONEOS_DEPLOYMENT_TARGET = 10.2;
				MTL_ENABLE_DEBUG_INFO = YES;
				ONLY_ACTIVE_ARCH = YES;
				SDKROOT = iphoneos;
				SWIFT_ACTIVE_COMPILATION_CONDITIONS = DEBUG;
				SWIFT_OPTIMIZATION_LEVEL = "-Onone";
				TARGETED_DEVICE_FAMILY = "1,2";
			};
			name = Debug;
		};
		FFFBBFC81E4521700052D68B /* Release */ = {
			isa = XCBuildConfiguration;
			buildSettings = {
				ALWAYS_SEARCH_USER_PATHS = NO;
				CLANG_ANALYZER_NONNULL = YES;
				CLANG_CXX_LANGUAGE_STANDARD = "gnu++0x";
				CLANG_CXX_LIBRARY = "libc++";
				CLANG_ENABLE_MODULES = YES;
				CLANG_ENABLE_OBJC_ARC = YES;
				CLANG_WARN_BOOL_CONVERSION = YES;
				CLANG_WARN_CONSTANT_CONVERSION = YES;
				CLANG_WARN_DIRECT_OBJC_ISA_USAGE = YES_ERROR;
				CLANG_WARN_DOCUMENTATION_COMMENTS = YES;
				CLANG_WARN_EMPTY_BODY = YES;
				CLANG_WARN_ENUM_CONVERSION = YES;
				CLANG_WARN_INFINITE_RECURSION = YES;
				CLANG_WARN_INT_CONVERSION = YES;
				CLANG_WARN_OBJC_ROOT_CLASS = YES_ERROR;
				CLANG_WARN_SUSPICIOUS_MOVE = YES;
				CLANG_WARN_UNREACHABLE_CODE = YES;
				CLANG_WARN__DUPLICATE_METHOD_MATCH = YES;
				"CODE_SIGN_IDENTITY[sdk=iphoneos*]" = "iPhone Developer";
				COPY_PHASE_STRIP = NO;
				DEBUG_INFORMATION_FORMAT = "dwarf-with-dsym";
				ENABLE_NS_ASSERTIONS = NO;
				ENABLE_STRICT_OBJC_MSGSEND = YES;
				GCC_C_LANGUAGE_STANDARD = gnu99;
				GCC_NO_COMMON_BLOCKS = YES;
				GCC_WARN_64_TO_32_BIT_CONVERSION = YES;
				GCC_WARN_ABOUT_RETURN_TYPE = YES_ERROR;
				GCC_WARN_UNDECLARED_SELECTOR = YES;
				GCC_WARN_UNINITIALIZED_AUTOS = YES_AGGRESSIVE;
				GCC_WARN_UNUSED_FUNCTION = YES;
				GCC_WARN_UNUSED_VARIABLE = YES;
				IPHONEOS_DEPLOYMENT_TARGET = 10.2;
				MTL_ENABLE_DEBUG_INFO = NO;
				SDKROOT = iphoneos;
				SWIFT_OPTIMIZATION_LEVEL = "-Owholemodule";
				TARGETED_DEVICE_FAMILY = "1,2";
				VALIDATE_PRODUCT = YES;
			};
			name = Release;
		};
		FFFBBFCA1E4521700052D68B /* Debug */ = {
			isa = XCBuildConfiguration;
			buildSettings = {
				ASSETCATALOG_COMPILER_APPICON_NAME = AppIcon;
				INFOPLIST_FILE = Blocks/Info.plist;
				LD_RUNPATH_SEARCH_PATHS = "$(inherited) @executable_path/Frameworks";
				PRODUCT_BUNDLE_IDENTIFIER = com.quasarius.Blocks;
				PRODUCT_NAME = "$(TARGET_NAME)";
				SWIFT_VERSION = 3.0;
			};
			name = Debug;
		};
		FFFBBFCB1E4521700052D68B /* Release */ = {
			isa = XCBuildConfiguration;
			buildSettings = {
				ASSETCATALOG_COMPILER_APPICON_NAME = AppIcon;
				INFOPLIST_FILE = Blocks/Info.plist;
				LD_RUNPATH_SEARCH_PATHS = "$(inherited) @executable_path/Frameworks";
				PRODUCT_BUNDLE_IDENTIFIER = com.quasarius.Blocks;
				PRODUCT_NAME = "$(TARGET_NAME)";
				SWIFT_VERSION = 3.0;
			};
			name = Release;
		};
/* End XCBuildConfiguration section */

/* Begin XCConfigurationList section */
		FF9B68631E4D1678006376CA /* Build configuration list for PBXNativeTarget "BlocksTests" */ = {
			isa = XCConfigurationList;
			buildConfigurations = (
				FF9B68611E4D1678006376CA /* Debug */,
				FF9B68621E4D1678006376CA /* Release */,
			);
			defaultConfigurationIsVisible = 0;
			defaultConfigurationName = Release;
		};
		FFFBBFB21E4521700052D68B /* Build configuration list for PBXProject "Blocks" */ = {
			isa = XCConfigurationList;
			buildConfigurations = (
				FFFBBFC71E4521700052D68B /* Debug */,
				FFFBBFC81E4521700052D68B /* Release */,
			);
			defaultConfigurationIsVisible = 0;
			defaultConfigurationName = Release;
		};
		FFFBBFC91E4521700052D68B /* Build configuration list for PBXNativeTarget "Blocks" */ = {
			isa = XCConfigurationList;
			buildConfigurations = (
				FFFBBFCA1E4521700052D68B /* Debug */,
				FFFBBFCB1E4521700052D68B /* Release */,
			);
			defaultConfigurationIsVisible = 0;
			defaultConfigurationName = Release;
		};
/* End XCConfigurationList section */

/* Begin XCVersionGroup section */
		FFB82A881E7D2F2A0043BD53 /* Blocks.xcdatamodeld */ = {
			isa = XCVersionGroup;
			children = (
				FFB82A891E7D2F2A0043BD53 /* Blocks.xcdatamodel */,
			);
			currentVersion = FFB82A891E7D2F2A0043BD53 /* Blocks.xcdatamodel */;
			path = Blocks.xcdatamodeld;
			sourceTree = "<group>";
			versionGroupType = wrapper.xcdatamodel;
		};
/* End XCVersionGroup section */
	};
	rootObject = FFFBBFAF1E4521700052D68B /* Project object */;
}
